{
  "version": "5",
  "specifiers": {
    "jsr:@std/assert@0.224": "0.224.0",
    "jsr:@std/assert@1": "1.0.19",
    "jsr:@std/async@^1.3.0": "1.4.0",
    "jsr:@std/data-structures@^1.0.11": "1.1.0",
    "jsr:@std/flags@0.224": "0.224.0",
    "jsr:@std/fs@1": "1.0.24",
    "jsr:@std/internal@^1.0.12": "1.0.14",
    "jsr:@std/internal@^1.0.14": "1.0.14",
    "jsr:@std/path@1": "1.1.5",
    "jsr:@std/path@^1.1.5": "1.1.5",
    "jsr:@std/testing@^1.0.17": "1.0.18",
    "jsr:@std/yaml@1": "1.1.1",
    "npm:@agentclientprotocol/sdk@~0.14.1": "0.14.1_zod@4.4.3",
    "npm:discord.js@14": "14.26.4",
    "npm:misskey-js@2025.12.2": "2025.12.2",
    "npm:prom-client@15": "15.1.3"
  },
  "jsr": {
    "@std/assert@0.224.0": {
      "integrity": "8643233ec7aec38a940a8264a6e3eed9bfa44e7a71cc6b3c8874213ff401967f"
    },
    "@std/assert@1.0.19": {
      "integrity": "eaada96ee120cb980bc47e040f82814d786fe8162ecc53c91d8df60b8755991e",
      "dependencies": [
        "jsr:@std/internal@^1.0.12"
      ]
    },
    "@std/async@1.4.0": {
      "integrity": "4d70b008634f571cff9b554090d628c76141c32613aae0ff283fd5fa23d0c379"
    },
    "@std/data-structures@1.1.0": {
      "integrity": "c35ae4ad5d8e41a38573c2fe3e19b18ea2505f63cfea201edcb8720aca1f7f58"
    },
    "@std/flags@0.224.0": {
      "integrity": "d40eaf58c356b2e1313c6d4e62dc28b614aad2ddae6f5ff72a969e0b1f5ad689",
      "dependencies": [
        "jsr:@std/assert@0.224"
      ]
    },
    "@std/fs@1.0.24": {
      "integrity": "f3061b45b81673a2bece689da041df32d174be064c89eb6397fb5718d3fb7877",
      "dependencies": [
        "jsr:@std/internal@^1.0.14",
        "jsr:@std/path@^1.1.5"
      ]
    },
    "@std/internal@1.0.14": {
      "integrity": "291516b3d4c35024d6ffbc0a9df5bf4c64116e05b50012cf846710152d2ffdf7"
    },
    "@std/path@1.1.5": {
      "integrity": "ccea00982ea28c36becaf6e62f855406c76a8c32d462f66f415bbb7d83a271bc",
      "dependencies": [
        "jsr:@std/internal@^1.0.14"
      ]
    },
    "@std/testing@1.0.18": {
      "integrity": "d3152f57b11666bf6358d0e127c7e3488e91178b0c2d8fbf0793e1c53cd13cb1",
      "dependencies": [
        "jsr:@std/async",
        "jsr:@std/data-structures"
      ]
    },
    "@std/yaml@1.1.1": {
      "integrity": "a57665ecf3d17b926380593a56625d8a10cc7281802f1e993b5ebc94a48e71f8"
    }
  },
  "npm": {
    "@agentclientprotocol/sdk@0.14.1_zod@4.4.3": {
      "integrity": "sha512-b6r3PS3Nly+Wyw9U+0nOr47bV8tfS476EgyEMhoKvJCZLbgqoDFN7DJwkxL88RR0aiOqOYV1ZnESHqb+RmdH8w==",
      "dependencies": [
        "zod"
      ]
    },
    "@discordjs/builders@1.14.1": {
      "integrity": "sha512-gSKkhXLqs96TCzk66VZuHHl8z2bQMJFGwrXC0f33ngK+FLNau4hU1PYny3DNJfNdSH+gVMzE85/d5FQ2BpcNwQ==",
      "dependencies": [
        "@discordjs/formatters",
        "@discordjs/util",
        "@sapphire/shapeshift",
        "discord-api-types",
        "fast-deep-equal",
        "ts-mixer",
        "tslib"
      ]
    },
    "@discordjs/collection@1.5.3": {
      "integrity": "sha512-SVb428OMd3WO1paV3rm6tSjM4wC+Kecaa1EUGX7vc6/fddvw/6lg90z4QtCqm21zvVe92vMMDt9+DkIvjXImQQ=="
    },
    "@discordjs/collection@2.1.1": {
      "integrity": "sha512-LiSusze9Tc7qF03sLCujF5iZp7K+vRNEDBZ86FT9aQAv3vxMLihUvKvpsCWiQ2DJq1tVckopKm1rxomgNUc9hg=="
    },
    "@discordjs/formatters@0.6.2": {
      "integrity": "sha512-y4UPwWhH6vChKRkGdMB4odasUbHOUwy7KL+OVwF86PvT6QVOwElx+TiI1/6kcmcEe+g5YRXJFiXSXUdabqZOvQ==",
      "dependencies": [
        "discord-api-types"
      ]
    },
    "@discordjs/rest@2.6.1": {
      "integrity": "sha512-wwQdgjeaoYFiaG+atbqx6aJDpqW7JHAo0HrQkBTbYzM3/PJ3GweQIpgElNcGZ26DCUOXMyawYd0YF7vtr+fZXg==",
      "dependencies": [
        "@discordjs/collection@2.1.1",
        "@discordjs/util",
        "@sapphire/async-queue",
        "@sapphire/snowflake@3.5.5",
        "@vladfrangu/async_event_emitter",
        "discord-api-types",
        "magic-bytes.js",
        "tslib",
        "undici"
      ]
    },
    "@discordjs/util@1.2.0": {
      "integrity": "sha512-3LKP7F2+atl9vJFhaBjn4nOaSWahZ/yWjOvA4e5pnXkt2qyXRCHLxoBQy81GFtLGCq7K9lPm9R517M1U+/90Qg==",
      "dependencies": [
        "discord-api-types"
      ]
    },
    "@discordjs/ws@1.2.3": {
      "integrity": "sha512-wPlQDxEmlDg5IxhJPuxXr3Vy9AjYq5xCvFWGJyD7w7Np8ZGu+Mc+97LCoEc/+AYCo2IDpKioiH0/c/mj5ZR9Uw==",
      "dependencies": [
        "@discordjs/collection@2.1.1",
        "@discordjs/rest",
        "@discordjs/util",
        "@sapphire/async-queue",
        "@types/ws",
        "@vladfrangu/async_event_emitter",
        "discord-api-types",
        "tslib",
        "ws"
      ]
    },
    "@opentelemetry/api@1.9.1": {
      "integrity": "sha512-gLyJlPHPZYdAk1JENA9LeHejZe1Ti77/pTeFm/nMXmQH/HFZlcS/O2XJB+L8fkbrNSqhdtlvjBVjxwUYanNH5Q=="
    },
    "@sapphire/async-queue@1.5.5": {
      "integrity": "sha512-cvGzxbba6sav2zZkH8GPf2oGk9yYoD5qrNWdu9fRehifgnFZJMV+nuy2nON2roRO4yQQ+v7MK/Pktl/HgfsUXg=="
    },
    "@sapphire/shapeshift@4.0.0": {
      "integrity": "sha512-d9dUmWVA7MMiKobL3VpLF8P2aeanRTu6ypG2OIaEv/ZHH/SUQ2iHOVyi5wAPjQ+HmnMuL0whK9ez8I/raWbtIg==",
      "dependencies": [
        "fast-deep-equal",
        "lodash"
      ]
    },
    "@sapphire/snowflake@3.5.3": {
      "integrity": "sha512-jjmJywLAFoWeBi1W7994zZyiNWPIiqRRNAmSERxyg93xRGzNYvGjlZ0gR6x0F4gPRi2+0O6S71kOZYyr3cxaIQ=="
    },
    "@sapphire/snowflake@3.5.5": {
      "integrity": "sha512-xzvBr1Q1c4lCe7i6sRnrofxeO1QTP/LKQ6A6qy0iB4x5yfiSfARMEQEghojzTNALDTcv8En04qYNIco9/K9eZQ=="
    },
    "@simplewebauthn/types@12.0.0": {
      "integrity": "sha512-q6y8MkoV8V8jB4zzp18Uyj2I7oFp2/ONL8c3j8uT06AOWu3cIChc1au71QYHrP2b+xDapkGTiv+9lX7xkTlAsA==",
      "deprecated": true
    },
    "@types/node@26.1.0": {
      "integrity": "sha512-O0A1G3xPGy4w7AgQdAQYUlQ+BKk2Oovw8eRpofyp5KdBZULnbe+WqaOVNrm705SHphCiG4XHsACrSmPu1f+Kgw==",
      "dependencies": [
        "undici-types"
      ]
    },
    "@types/ws@8.18.1": {
      "integrity": "sha512-ThVF6DCVhA8kUGy+aazFQ4kXQ7E1Ty7A3ypFOe0IcJV8O/M511G99AW24irKrW56Wt44yG9+ij8FaqoBGkuBXg==",
      "dependencies": [
        "@types/node"
      ]
    },
    "@vladfrangu/async_event_emitter@2.4.7": {
      "integrity": "sha512-Xfe6rpCTxSxfbswi/W/Pz7zp1WWSNn4A0eW4mLkQUewCrXXtMj31lCg+iQyTkh/CkusZSq9eDflu7tjEDXUY6g=="
    },
    "bintrees@1.0.2": {
      "integrity": "sha512-VOMgTMwjAaUG580SXn3LacVgjurrbMme7ZZNYGSSV7mmtY6QQRh0Eg3pwIcntQ77DErK1L0NxkbetjcoXzVwKw=="
    },
    "discord-api-types@0.38.49": {
      "integrity": "sha512-XnqcWmnFZFAE8ZM8SHAw9DIV8D3Or00rMQ8iQLotrEA2PmXhl+ykaf6L6q4l474hrSUH1JaYcv+iOMRWp2p6Tg=="
    },
    "discord.js@14.26.4": {
      "integrity": "sha512-4oBp8tc6Kf8IDBwAHhbsMaAqx1b5fob9SNasZT7V6yyyUydoO5i5fGuX7TmvRtR+q/WgKRnRViRoAWnG7fNyvA==",
      "dependencies": [
        "@discordjs/builders",
        "@discordjs/collection@1.5.3",
        "@discordjs/formatters",
        "@discordjs/rest",
        "@discordjs/util",
        "@discordjs/ws",
        "@sapphire/snowflake@3.5.3",
        "discord-api-types",
        "fast-deep-equal",
        "lodash.snakecase",
        "magic-bytes.js",
        "tslib",
        "undici"
      ]
    },
    "eventemitter3@5.0.1": {
      "integrity": "sha512-GWkBvjiSZK87ELrYOSESUYeVIc9mvLLf/nXalMOS5dYrgZq9o5OVkbZAVM06CVxYsCwH9BDZFPlQTlPA1j4ahA=="
    },
    "fast-deep-equal@3.1.3": {
      "integrity": "sha512-f3qQ9oQy9j2AhBe/H9VC91wLmKBCCU/gDOnKNAYG5hswO7BLKj09Hc5HYNz9cGI++xlpDCIgDaitVs03ATR84Q=="
    },
    "lodash.snakecase@4.1.1": {
      "integrity": "sha512-QZ1d4xoBHYUeuouhEq3lk3Uq7ldgyFXGBhg04+oRLnIz8o9T65Eh+8YdroUwn846zchkA9yDsDl5CVVaV2nqYw=="
    },
    "lodash@4.18.1": {
      "integrity": "sha512-dMInicTPVE8d1e5otfwmmjlxkZoUpiVLwyeTdUsi/Caj/gfzzblBcCE5sRHV/AsjuCmxWrte2TNGSYuCeCq+0Q=="
    },
    "magic-bytes.js@1.13.0": {
      "integrity": "sha512-afO2mnxW7GDTXMm5/AoN1WuOcdoKhtgXjIvHmobqTD1grNplhGdv3PFOyjCVmrnOZBIT/gD/koDKpYG+0mvHcg=="
    },
    "misskey-js@2025.12.2": {
      "integrity": "sha512-s/GRbrPMJzA0Rijqno971uNXUyRYbDfsZudigAm/rYwSspUZl8kUI/p37YTrL5zQif6EF3gwGwTntfmK+c5aYg==",
      "dependencies": [
        "@simplewebauthn/types",
        "eventemitter3",
        "reconnecting-websocket"
      ]
    },
    "prom-client@15.1.3": {
      "integrity": "sha512-6ZiOBfCywsD4k1BN9IX0uZhF+tJkV8q8llP64G5Hajs4JOeVLPCwpPVcpXy3BwYiUGgyJzsJJQeOIv7+hDSq8g==",
      "dependencies": [
        "@opentelemetry/api",
        "tdigest"
      ]
    },
    "reconnecting-websocket@4.4.0": {
      "integrity": "sha512-D2E33ceRPga0NvTDhJmphEgJ7FUYF0v4lr1ki0csq06OdlxKfugGzN0dSkxM/NfqCxYELK4KcaTOUOjTV6Dcng=="
    },
    "tdigest@0.1.2": {
      "integrity": "sha512-+G0LLgjjo9BZX2MfdvPfH+MKLCrxlXSYec5DaPYP1fe6Iyhf0/fSmJ0bFiZ1F8BT6cGXl2LpltQptzjXKWEkKA==",
      "dependencies": [
        "bintrees"
      ]
    },
    "ts-mixer@6.0.4": {
      "integrity": "sha512-ufKpbmrugz5Aou4wcr5Wc1UUFWOLhq+Fm6qa6P0w0K5Qw2yhaUoiWszhCVuNQyNwrlGiscHOmqYoAox1PtvgjA=="
    },
    "tslib@2.8.1": {
      "integrity": "sha512-oJFu94HQb+KVduSUQL7wnpmqnfmLsOA/nAh6b6EH0wCEoK0/mPeXU6c3wKDV83MkOuHPRHtSXKKU99IBazS/2w=="
    },
    "undici-types@8.3.0": {
      "integrity": "sha512-j375ScV60dom+YkPFIfTLcOiPxkN/buHz5GobjLhixFuANaNs3C9l4GmrWqejgXWJ7BbJcFYpTEUkS1Ge8bpZQ=="
    },
    "undici@6.24.1": {
      "integrity": "sha512-sC+b0tB1whOCzbtlx20fx3WgCXwkW627p4EA9uM+/tNNPkSS+eSEld6pAs9nDv7WbY1UUljBMYPtu9BCOrCWKA=="
    },
    "ws@8.21.0": {
      "integrity": "sha512-Vsp28b7DRcimFQvrqu2Wek3z1iYxDCWqHYB8Qsnk/S4RfaCQzPGPyBNuVjJV3cd6UiKtUtp6sNM77gWvzcCH+g=="
    },
    "zod@4.4.3": {
      "integrity": "sha512-ytENFjIJFl2UwYglde2jchW2Hwm4GJFLDiSXWdTrJQBIN9Fcyp7n4DhxJEiWNAJMV1/BqWfW/kkg71UDcHJyTQ=="
    }
  },
  "remote": {
    "https://cdn.jsdelivr.net/gh/ventojs/vento@2.2.0/core/environment.ts": "140076e560d4d6e3ab8ecfee28fd10909d9c0f680138129a908a61076b52f768",
    "https://cdn.jsdelivr.net/gh/ventojs/vento@2.2.0/core/errors.ts": "8606b682b465d598a394feea135dd2f84033b5ef2a61a23d116ccb782a0a547a",
    "https://cdn.jsdelivr.net/gh/ventojs/vento@2.2.0/core/js.ts": "83084240150d7e8b83e43ec8fcf78564a8ba8599c3d517976efbb11b208903b2",
    "https://cdn.jsdelivr.net/gh/ventojs/vento@2.2.0/core/reserved.ts": "e3ccafb4e5524b9c51fa14fa0e4bf17fd9bdd791848f17afa2aeb97835c486d1",
    "https://cdn.jsdelivr.net/gh/ventojs/vento@2.2.0/core/tokenizer.ts": "460faa3de0e561e5046c46528c8bcbfc46b9de576af7ec8c4a8954a61a80ec76",
    "https://cdn.jsdelivr.net/gh/ventojs/vento@2.2.0/loaders/file.ts": "83f579ac39838642bb45c6ddf48c05c08134cdd95fa7364d004fb443e972196a",
    "https://cdn.jsdelivr.net/gh/ventojs/vento@2.2.0/mod.ts": "26081287509a87d81c51917795ff94ea80056c43599af8140bb5f666f0aaa767",
    "https://cdn.jsdelivr.net/gh/ventojs/vento@2.2.0/plugins/echo.ts": "26109b7d47d33621dd764136be665052a48b3e68aeda2bd961504702f14c829f",
    "https://cdn.jsdelivr.net/gh/ventojs/vento@2.2.0/plugins/escape.ts": "1db6eb7b22f88bbf94d21636c9b156ec4868e10bbcfa7dc5eae7113c36ef7b8a",
    "https://cdn.jsdelivr.net/gh/ventojs/vento@2.2.0/plugins/export.ts": "c1f25c8e1e35027cc21e780f8fb3961febec4771463eb262959fbf035b8b8a63",
    "https://cdn.jsdelivr.net/gh/ventojs/vento@2.2.0/plugins/for.ts": "a893a3de2c5cab43d5018cb80718ea46377c172d550e7a8ead076f00c58d59bf",
    "https://cdn.jsdelivr.net/gh/ventojs/vento@2.2.0/plugins/function.ts": "472bdbe0bffb7d38c59003b02510cf85a78a35927219bc6a02ac2d4fde8b6597",
    "https://cdn.jsdelivr.net/gh/ventojs/vento@2.2.0/plugins/if.ts": "db13776a5b9e7988f65c27943c344bec7463c5f3162a06cc4da1a313d7109195",
    "https://cdn.jsdelivr.net/gh/ventojs/vento@2.2.0/plugins/import.ts": "b6fb6cc922c0897d15918d10766bbbd51069336780acdc8bbf23922ed870a1b3",
    "https://cdn.jsdelivr.net/gh/ventojs/vento@2.2.0/plugins/include.ts": "0f473f75064be27d3c53329f2769bf0cc8bd520f04432ef94d99ebeae2e51ad1",
    "https://cdn.jsdelivr.net/gh/ventojs/vento@2.2.0/plugins/js.ts": "f5a7fd8cc48cb1b1dc0b396e3d1fee4664cf28932dc5f5f301e38243e0e987dc",
    "https://cdn.jsdelivr.net/gh/ventojs/vento@2.2.0/plugins/layout.ts": "09e4b29614c66847b4d9fac4f5eb3edae9159a9a85e2d22058b722ac84f367ea",
    "https://cdn.jsdelivr.net/gh/ventojs/vento@2.2.0/plugins/mod.ts": "017d5bb3e3c80b7f67271cdf8779686f55916070c5d168a143e6a37c35bcd731",
    "https://cdn.jsdelivr.net/gh/ventojs/vento@2.2.0/plugins/set.ts": "cbe42b771a04203b6fc1c178e655fa2536ab90ae67e52c083cf7c71f37c62711",
    "https://cdn.jsdelivr.net/gh/ventojs/vento@2.2.0/plugins/trim.ts": "8d33271327b09ffd8f569ebde85125b1324fa9538a54d6072ac97a9fb5d24264",
    "https://cdn.jsdelivr.net/gh/ventojs/vento@2.2.0/plugins/unescape.ts": "1c56f0310c7757880df7684fc6b7bf9efd27fdb6b929b89626802f5a99cb93ee"
  },
  "workspace": {
    "dependencies": [
      "jsr:@std/assert@1",
      "jsr:@std/dotenv@0.225",
      "jsr:@std/flags@0.224",
      "jsr:@std/fs@1",
      "jsr:@std/json@1",
      "jsr:@std/path@1",
      "jsr:@std/testing@^1.0.17",
      "jsr:@std/yaml@1",
      "npm:@agentclientprotocol/sdk@~0.14.1",
      "npm:discord.js@14",
      "npm:misskey-js@2025.12.2",
      "npm:prom-client@15"
    ]
  }
}
